// !$*UTF8*$!
{
	archiveVersion = 1;
	classes = {
	};
	objectVersion = 46;
	objects = {

/* Begin PBXBuildFile section */
		572405DF13B50125008EC2BA /* UIKit.framework in Frameworks */ = {isa = PBXBuildFile; fileRef = 572405DE13B50125008EC2BA /* UIKit.framework */; };
		572405E113B50125008EC2BA /* Foundation.framework in Frameworks */ = {isa = PBXBuildFile; fileRef = 572405E013B50125008EC2BA /* Foundation.framework */; };
		572405E313B50125008EC2BA /* CoreGraphics.framework in Frameworks */ = {isa = PBXBuildFile; fileRef = 572405E213B50125008EC2BA /* CoreGraphics.framework */; };
		572405E913B50125008EC2BA /* InfoPlist.strings in Resources */ = {isa = PBXBuildFile; fileRef = 572405E713B50125008EC2BA /* InfoPlist.strings */; };
		572405EC13B50125008EC2BA /* main.m in Sources */ = {isa = PBXBuildFile; fileRef = 572405EB13B50125008EC2BA /* main.m */; };
		572405EF13B50125008EC2BA /* PushButtonAppDelegate.m in Sources */ = {isa = PBXBuildFile; fileRef = 572405EE13B50125008EC2BA /* PushButtonAppDelegate.m */; };
		572405F313B50125008EC2BA /* PushButtonAppDelegate_iPhone.m in Sources */ = {isa = PBXBuildFile; fileRef = 572405F213B50125008EC2BA /* PushButtonAppDelegate_iPhone.m */; };
		572405FA13B50125008EC2BA /* PushButtonAppDelegate_iPad.m in Sources */ = {isa = PBXBuildFile; fileRef = 572405F913B50125008EC2BA /* PushButtonAppDelegate_iPad.m */; };
		5724060B13B5021C008EC2BA /* PushButtonView.m in Sources */ = {isa = PBXBuildFile; fileRef = 5724060A13B5021C008EC2BA /* PushButtonView.m */; };
		5724060F13B50323008EC2BA /* PushButtonsViewController.m in Sources */ = {isa = PBXBuildFile; fileRef = 5724060D13B50323008EC2BA /* PushButtonsViewController.m */; };
		5724061013B50323008EC2BA /* PushButtonsViewController.xib in Resources */ = {isa = PBXBuildFile; fileRef = 5724060E13B50323008EC2BA /* PushButtonsViewController.xib */; };
		5724061213B516B2008EC2BA /* QuartzCore.framework in Frameworks */ = {isa = PBXBuildFile; fileRef = 5724061113B516B2008EC2BA /* QuartzCore.framework */; };
		579AC45113B5411F00B7FC55 /* MainWindow_iPhone.xib in Resources */ = {isa = PBXBuildFile; fileRef = 579AC45013B5411F00B7FC55 /* MainWindow_iPhone.xib */; };
		579AC45313B5413800B7FC55 /* MainWindow_iPad.xib in Resources */ = {isa = PBXBuildFile; fileRef = 579AC45213B5413800B7FC55 /* MainWindow_iPad.xib */; };
/* End PBXBuildFile section */

/* Begin PBXFileReference section */
		572405DA13B50125008EC2BA /* PushButton.app */ = {isa = PBXFileReference; explicitFileType = wrapper.application; includeInIndex = 0; path = PushButton.app; sourceTree = BUILT_PRODUCTS_DIR; };
		572405DE13B50125008EC2BA /* UIKit.framework */ = {isa = PBXFileReference; lastKnownFileType = wrapper.framework; name = UIKit.framework; path = System/Library/Frameworks/UIKit.framework; sourceTree = SDKROOT; };
		572405E013B50125008EC2BA /* Foundation.framework */ = {isa = PBXFileReference; lastKnownFileType = wrapper.framework; name = Foundation.framework; path = System/Library/Frameworks/Foundation.framework; sourceTree = SDKROOT; };
		572405E213B50125008EC2BA /* CoreGraphics.framework */ = {isa = PBXFileReference; lastKnownFileType = wrapper.framework; name = CoreGraphics.framework; path = System/Library/Frameworks/CoreGraphics.framework; sourceTree = SDKROOT; };
		572405E613B50125008EC2BA /* PushButton-Info.plist */ = {isa = PBXFileReference; lastKnownFileType = text.plist.xml; path = "PushButton-Info.plist"; sourceTree = "<group>"; };
		572405E813B50125008EC2BA /* en */ = {isa = PBXFileReference; lastKnownFileType = text.plist.strings; name = en; path = en.lproj/InfoPlist.strings; sourceTree = "<group>"; };
		572405EA13B50125008EC2BA /* PushButton-Prefix.pch */ = {isa = PBXFileReference; lastKnownFileType = sourcecode.c.h; path = "PushButton-Prefix.pch"; sourceTree = "<group>"; };
		572405EB13B50125008EC2BA /* main.m */ = {isa = PBXFileReference; lastKnownFileType = sourcecode.c.objc; path = main.m; sourceTree = "<group>"; };
		572405ED13B50125008EC2BA /* PushButtonAppDelegate.h */ = {isa = PBXFileReference; lastKnownFileType = sourcecode.c.h; path = PushButtonAppDelegate.h; sourceTree = "<group>"; };
		572405EE13B50125008EC2BA /* PushButtonAppDelegate.m */ = {isa = PBXFileReference; lastKnownFileType = sourcecode.c.objc; path = PushButtonAppDelegate.m; sourceTree = "<group>"; };
		572405F113B50125008EC2BA /* PushButtonAppDelegate_iPhone.h */ = {isa = PBXFileReference; lastKnownFileType = sourcecode.c.h; name = PushButtonAppDelegate_iPhone.h; path = iPhone/PushButtonAppDelegate_iPhone.h; sourceTree = "<group>"; };
		572405F213B50125008EC2BA /* PushButtonAppDelegate_iPhone.m */ = {isa = PBXFileReference; lastKnownFileType = sourcecode.c.objc; name = PushButtonAppDelegate_iPhone.m; path = iPhone/PushButtonAppDelegate_iPhone.m; sourceTree = "<group>"; };
		572405F813B50125008EC2BA /* PushButtonAppDelegate_iPad.h */ = {isa = PBXFileReference; lastKnownFileType = sourcecode.c.h; name = PushButtonAppDelegate_iPad.h; path = iPad/PushButtonAppDelegate_iPad.h; sourceTree = "<group>"; };
		572405F913B50125008EC2BA /* PushButtonAppDelegate_iPad.m */ = {isa = PBXFileReference; lastKnownFileType = sourcecode.c.objc; name = PushButtonAppDelegate_iPad.m; path = iPad/PushButtonAppDelegate_iPad.m; sourceTree = "<group>"; };
		5724060913B5021C008EC2BA /* PushButtonView.h */ = {isa = PBXFileReference; fileEncoding = 4; lastKnownFileType = sourcecode.c.h; path = PushButtonView.h; sourceTree = "<group>"; };
		5724060A13B5021C008EC2BA /* PushButtonView.m */ = {isa = PBXFileReference; fileEncoding = 4; lastKnownFileType = sourcecode.c.objc; path = PushButtonView.m; sourceTree = "<group>"; };
		5724060C13B50323008EC2BA /* PushButtonsViewController.h */ = {isa = PBXFileReference; fileEncoding = 4; lastKnownFileType = sourcecode.c.h; path = PushButtonsViewController.h; sourceTree = "<group>"; };
		5724060D13B50323008EC2BA /* PushButtonsViewController.m */ = {isa = PBXFileReference; fileEncoding = 4; lastKnownFileType = sourcecode.c.objc; path = PushButtonsViewController.m; sourceTree = "<group>"; };
		5724060E13B50323008EC2BA /* PushButtonsViewController.xib */ = {isa = PBXFileReference; fileEncoding = 4; lastKnownFileType = file.xib; path = PushButtonsViewController.xib; sourceTree = "<group>"; };
		5724061113B516B2008EC2BA /* QuartzCore.framework */ = {isa = PBXFileReference; lastKnownFileType = wrapper.framework; name = QuartzCore.framework; path = System/Library/Frameworks/QuartzCore.framework; sourceTree = SDKROOT; };
		579AC45013B5411F00B7FC55 /* MainWindow_iPhone.xib */ = {isa = PBXFileReference; fileEncoding = 4; lastKnownFileType = file.xib; name = MainWindow_iPhone.xib; path = iPhone/en_lproj/MainWindow_iPhone.xib; sourceTree = "<group>"; };
		579AC45213B5413800B7FC55 /* MainWindow_iPad.xib */ = {isa = PBXFileReference; fileEncoding = 4; lastKnownFileType = file.xib; name = MainWindow_iPad.xib; path = iPad/en_lproj/MainWindow_iPad.xib; sourceTree = "<group>"; };
/* End PBXFileReference section */

/* Begin PBXFrameworksBuildPhase section */
		572405D713B50125008EC2BA /* Frameworks */ = {
			isa = PBXFrameworksBuildPhase;
			buildActionMask = 2147483647;
			files = (
				5724061213B516B2008EC2BA /* QuartzCore.framework in Frameworks */,
				572405DF13B50125008EC2BA /* UIKit.framework in Frameworks */,
				572405E113B50125008EC2BA /* Foundation.framework in Frameworks */,
				572405E313B50125008EC2BA /* CoreGraphics.framework in Frameworks */,
			);
			runOnlyForDeploymentPostprocessing = 0;
		};
/* End PBXFrameworksBuildPhase section */

/* Begin PBXGroup section */
		572405CF13B50124008EC2BA = {
			isa = PBXGroup;
			children = (
				5724061113B516B2008EC2BA /* QuartzCore.framework */,
				572405E413B50125008EC2BA /* PushButton */,
				572405DD13B50125008EC2BA /* Frameworks */,
				572405DB13B50125008EC2BA /* Products */,
			);
			sourceTree = "<group>";
		};
		572405DB13B50125008EC2BA /* Products */ = {
			isa = PBXGroup;
			children = (
				572405DA13B50125008EC2BA /* PushButton.app */,
			);
			name = Products;
			sourceTree = "<group>";
		};
		572405DD13B50125008EC2BA /* Frameworks */ = {
			isa = PBXGroup;
			children = (
				572405DE13B50125008EC2BA /* UIKit.framework */,
				572405E013B50125008EC2BA /* Foundation.framework */,
				572405E213B50125008EC2BA /* CoreGraphics.framework */,
			);
			name = Frameworks;
			sourceTree = "<group>";
		};
		572405E413B50125008EC2BA /* PushButton */ = {
			isa = PBXGroup;
			children = (
				5724060913B5021C008EC2BA /* PushButtonView.h */,
				5724060A13B5021C008EC2BA /* PushButtonView.m */,
				572405ED13B50125008EC2BA /* PushButtonAppDelegate.h */,
				572405EE13B50125008EC2BA /* PushButtonAppDelegate.m */,
				5724060C13B50323008EC2BA /* PushButtonsViewController.h */,
				5724060D13B50323008EC2BA /* PushButtonsViewController.m */,
				5724060E13B50323008EC2BA /* PushButtonsViewController.xib */,
				572405F013B50125008EC2BA /* iPhone */,
				572405F713B50125008EC2BA /* iPad */,
				572405E513B50125008EC2BA /* Supporting Files */,
			);
			path = PushButton;
			sourceTree = "<group>";
		};
		572405E513B50125008EC2BA /* Supporting Files */ = {
			isa = PBXGroup;
			children = (
				572405E613B50125008EC2BA /* PushButton-Info.plist */,
				572405E713B50125008EC2BA /* InfoPlist.strings */,
				572405EA13B50125008EC2BA /* PushButton-Prefix.pch */,
				572405EB13B50125008EC2BA /* main.m */,
			);
			name = "Supporting Files";
			sourceTree = "<group>";
		};
		572405F013B50125008EC2BA /* iPhone */ = {
			isa = PBXGroup;
			children = (
				572405F113B50125008EC2BA /* PushButtonAppDelegate_iPhone.h */,
				572405F213B50125008EC2BA /* PushButtonAppDelegate_iPhone.m */,
				579AC45013B5411F00B7FC55 /* MainWindow_iPhone.xib */,
			);
			name = iPhone;
			sourceTree = "<group>";
		};
		572405F713B50125008EC2BA /* iPad */ = {
			isa = PBXGroup;
			children = (
				572405F813B50125008EC2BA /* PushButtonAppDelegate_iPad.h */,
				572405F913B50125008EC2BA /* PushButtonAppDelegate_iPad.m */,
				579AC45213B5413800B7FC55 /* MainWindow_iPad.xib */,
			);
			name = iPad;
			sourceTree = "<group>";
		};
/* End PBXGroup section */

/* Begin PBXNativeTarget section */
		572405D913B50125008EC2BA /* PushButton */ = {
			isa = PBXNativeTarget;
			buildConfigurationList = 5724060013B50125008EC2BA /* Build configuration list for PBXNativeTarget "PushButton" */;
			buildPhases = (
				572405D613B50125008EC2BA /* Sources */,
				572405D713B50125008EC2BA /* Frameworks */,
				572405D813B50125008EC2BA /* Resources */,
			);
			buildRules = (
			);
			dependencies = (
			);
			name = PushButton;
			productName = PushButton;
			productReference = 572405DA13B50125008EC2BA /* PushButton.app */;
			productType = "com.apple.product-type.application";
		};
/* End PBXNativeTarget section */

/* Begin PBXProject section */
		572405D113B50124008EC2BA /* Project object */ = {
			isa = PBXProject;
			attributes = {
				ORGANIZATIONNAME = "VUnite Media";
			};
			buildConfigurationList = 572405D413B50124008EC2BA /* Build configuration list for PBXProject "PushButton" */;
			compatibilityVersion = "Xcode 3.2";
			developmentRegion = English;
			hasScannedForEncodings = 0;
			knownRegions = (
				en,
			);
			mainGroup = 572405CF13B50124008EC2BA;
			productRefGroup = 572405DB13B50125008EC2BA /* Products */;
			projectDirPath = "";
			projectRoot = "";
			targets = (
				572405D913B50125008EC2BA /* PushButton */,
			);
		};
/* End PBXProject section */

/* Begin PBXResourcesBuildPhase section */
		572405D813B50125008EC2BA /* Resources */ = {
			isa = PBXResourcesBuildPhase;
			buildActionMask = 2147483647;
			files = (
				572405E913B50125008EC2BA /* InfoPlist.strings in Resources */,
				5724061013B50323008EC2BA /* PushButtonsViewController.xib in Resources */,
				579AC45113B5411F00B7FC55 /* MainWindow_iPhone.xib in Resources */,
				579AC45313B5413800B7FC55 /* MainWindow_iPad.xib in Resources */,
			);
			runOnlyForDeploymentPostprocessing = 0;
		};
/* End PBXResourcesBuildPhase section */

/* Begin PBXSourcesBuildPhase section */
		572405D613B50125008EC2BA /* Sources */ = {
			isa = PBXSourcesBuildPhase;
			buildActionMask = 2147483647;
			files = (
				572405EC13B50125008EC2BA /* main.m in Sources */,
				572405EF13B50125008EC2BA /* PushButtonAppDelegate.m in Sources */,
				572405F313B50125008EC2BA /* PushButtonAppDelegate_iPhone.m in Sources */,
				572405FA13B50125008EC2BA /* PushButtonAppDelegate_iPad.m in Sources */,
				5724060B13B5021C008EC2BA /* PushButtonView.m in Sources */,
				5724060F13B50323008EC2BA /* PushButtonsViewController.m in Sources */,
			);
			runOnlyForDeploymentPostprocessing = 0;
		};
/* End PBXSourcesBuildPhase section */

/* Begin PBXVariantGroup section */
		572405E713B50125008EC2BA /* InfoPlist.strings */ = {
			isa = PBXVariantGroup;
			children = (
				572405E813B50125008EC2BA /* en */,
			);
			name = InfoPlist.strings;
			sourceTree = "<group>";
		};
/* End PBXVariantGroup section */

/* Begin XCBuildConfiguration section */
		572405FE13B50125008EC2BA /* Debug */ = {
			isa = XCBuildConfiguration;
			buildSettings = {
				ARCHS = "$(ARCHS_STANDARD_32_BIT)";
				"CODE_SIGN_IDENTITY[sdk=iphoneos*]" = "iPhone Developer";
				GCC_C_LANGUAGE_STANDARD = gnu99;
				GCC_OPTIMIZATION_LEVEL = 0;
				GCC_PREPROCESSOR_DEFINITIONS = DEBUG;
				GCC_SYMBOLS_PRIVATE_EXTERN = NO;
				GCC_VERSION = com.apple.compilers.llvmgcc42;
				GCC_WARN_ABOUT_RETURN_TYPE = YES;
				GCC_WARN_UNUSED_VARIABLE = YES;
				IPHONEOS_DEPLOYMENT_TARGET = 4.3;
				SDKROOT = iphoneos;
				TARGETED_DEVICE_FAMILY = "1,2";
			};
			name = Debug;
		};
		572405FF13B50125008EC2BA /* Release */ = {
			isa = XCBuildConfiguration;
			buildSettings = {
				ARCHS = "$(ARCHS_STANDARD_32_BIT)";
				"CODE_SIGN_IDENTITY[sdk=iphoneos*]" = "iPhone Developer";
				GCC_C_LANGUAGE_STANDARD = gnu99;
				GCC_VERSION = com.apple.compilers.llvmgcc42;
				GCC_WARN_ABOUT_RETURN_TYPE = YES;
				GCC_WARN_UNUSED_VARIABLE = YES;
				IPHONEOS_DEPLOYMENT_TARGET = 4.3;
				OTHER_CFLAGS = "-DNS_BLOCK_ASSERTIONS=1";
				SDKROOT = iphoneos;
				TARGETED_DEVICE_FAMILY = "1,2";
			};
			name = Release;
		};
		5724060113B50125008EC2BA /* Debug */ = {
			isa = XCBuildConfiguration;
			buildSettings = {
				ALWAYS_SEARCH_USER_PATHS = NO;
				COPY_PHASE_STRIP = NO;
				GCC_DYNAMIC_NO_PIC = NO;
				GCC_PRECOMPILE_PREFIX_HEADER = YES;
				GCC_PREFIX_HEADER = "PushButton/PushButton-Prefix.pch";
				INFOPLIST_FILE = "PushButton/PushButton-Info.plist";
				PRODUCT_NAME = "$(TARGET_NAME)";
				WRAPPER_EXTENSION = app;
			};
			name = Debug;
		};
		5724060213B50125008EC2BA /* Release */ = {
			isa = XCBuildConfiguration;
			buildSettings = {
				ALWAYS_SEARCH_USER_PATHS = NO;
				COPY_PHASE_STRIP = YES;
				GCC_PRECOMPILE_PREFIX_HEADER = YES;
				GCC_PREFIX_HEADER = "PushButton/PushButton-Prefix.pch";
				INFOPLIST_FILE = "PushButton/PushButton-Info.plist";
				PRODUCT_NAME = "$(TARGET_NAME)";
				VALIDATE_PRODUCT = YES;
				WRAPPER_EXTENSION = app;
			};
			name = Release;
		};
/* End XCBuildConfiguration section */

/* Begin XCConfigurationList section */
		572405D413B50124008EC2BA /* Build configuration list for PBXProject "PushButton" */ = {
			isa = XCConfigurationList;
			buildConfigurations = (
				572405FE13B50125008EC2BA /* Debug */,
				572405FF13B50125008EC2BA /* Release */,
			);
			defaultConfigurationIsVisible = 0;
			defaultConfigurationName = Release;
		};
		5724060013B50125008EC2BA /* Build configuration list for PBXNativeTarget "PushButton" */ = {
			isa = XCConfigurationList;
			buildConfigurations = (
				5724060113B50125008EC2BA /* Debug */,
				5724060213B50125008EC2BA /* Release */,
			);
			defaultConfigurationIsVisible = 0;
			defaultConfigurationName = Release;
		};
/* End XCConfigurationList section */
	};
	rootObject = 572405D113B50124008EC2BA /* Project object */;
}
